Microsoft Visual Studio Solution File, Format Version 12.00
# Visual Studio Version 17
VisualStudioVersion = 17.5.2.0
MinimumVisualStudioVersion = 10.0.40219.1
Project("{2150E333-8FDC-42A3-9474-1A3956D46DE8}") = "Backend", "Backend", "{1AE8ACA6-933B-BF2A-3671-3E2EAC007D16}"
EndProject
Project("{2150E333-8FDC-42A3-9474-1A3956D46DE8}") = "ApiHormiRuta", "ApiHormiRuta", "{D4B3A651-1965-C16F-7C25-D69AD7F04938}"
EndProject
Project("{FAE04EC0-301F-11D3-BF4B-00C04F79EFBC}") = "API", "Backend\ApiHormiRuta\API\API.csproj", "{438166ED-47D2-CC5E-B454-B2BAF44FF015}"
EndProject
Project("{FAE04EC0-301F-11D3-BF4B-00C04F79EFBC}") = "Core", "Backend\ApiHormiRuta\Core\Core.csproj", "{BFCEFBF3-1101-88EA-6301-A29D36E45CEE}"
EndProject
Project("{FAE04EC0-301F-11D3-BF4B-00C04F79EFBC}") = "Infraestructure", "Backend\ApiHormiRuta\Infraestructure\Infraestructure.csproj", "{E78A4A91-37D7-0FD0-1FC4-C969BC3A348C}"
EndProject
Global
	GlobalSection(SolutionConfigurationPlatforms) = preSolution
		Debug|Any CPU = Debug|Any CPU
		Release|Any CPU = Release|Any CPU
	EndGlobalSection
	GlobalSection(ProjectConfigurationPlatforms) = postSolution
		{438166ED-47D2-CC5E-B454-B2BAF44FF015}.Debug|Any CPU.ActiveCfg = Debug|Any CPU
		{438166ED-47D2-CC5E-B454-B2BAF44FF015}.Debug|Any CPU.Build.0 = Debug|Any CPU
		{438166ED-47D2-CC5E-B454-B2BAF44FF015}.Release|Any CPU.ActiveCfg = Release|Any CPU
		{438166ED-47D2-CC5E-B454-B2BAF44FF015}.Release|Any CPU.Build.0 = Release|Any CPU
		{BFCEFBF3-1101-88EA-6301-A29D36E45CEE}.Debug|Any CPU.ActiveCfg = Debug|Any CPU
		{BFCEFBF3-1101-88EA-6301-A29D36E45CEE}.Debug|Any CPU.Build.0 = Debug|Any CPU
		{BFCEFBF3-1101-88EA-6301-A29D36E45CEE}.Release|Any CPU.ActiveCfg = Release|Any CPU
		{BFCEFBF3-1101-88EA-6301-A29D36E45CEE}.Release|Any CPU.Build.0 = Release|Any CPU
		{E78A4A91-37D7-0FD0-1FC4-C969BC3A348C}.Debug|Any CPU.ActiveCfg = Debug|Any CPU
		{E78A4A91-37D7-0FD0-1FC4-C969BC3A348C}.Debug|Any CPU.Build.0 = Debug|Any CPU
		{E78A4A91-37D7-0FD0-1FC4-C969BC3A348C}.Release|Any CPU.ActiveCfg = Release|Any CPU
		{E78A4A91-37D7-0FD0-1FC4-C969BC3A348C}.Release|Any CPU.Build.0 = Release|Any CPU
	EndGlobalSection
	GlobalSection(SolutionProperties) = preSolution
		HideSolutionNode = FALSE
	EndGlobalSection
	GlobalSection(NestedProjects) = preSolution
		{D4B3A651-1965-C16F-7C25-D69AD7F04938} = {1AE8ACA6-933B-BF2A-3671-3E2EAC007D16}
		{438166ED-47D2-CC5E-B454-B2BAF44FF015} = {D4B3A651-1965-C16F-7C25-D69AD7F04938}
		{BFCEFBF3-1101-88EA-6301-A29D36E45CEE} = {D4B3A651-1965-C16F-7C25-D69AD7F04938}
		{E78A4A91-37D7-0FD0-1FC4-C969BC3A348C} = {D4B3A651-1965-C16F-7C25-D69AD7F04938}
	EndGlobalSection
	GlobalSection(ExtensibilityGlobals) = postSolution
		SolutionGuid = {C9863946-D5A5-4970-93B8-C5D267337A29}
	EndGlobalSection
EndGlobal
